// !$*UTF8*$!
{
	archiveVersion = 1;
	classes = {
	};
	objectVersion = 46;
	objects = {

/* Begin PBXBuildFile section */
		D31428911F1C9D6000194CD1 /* AppDelegate.swift in Sources */ = {isa = PBXBuildFile; fileRef = D31428901F1C9D6000194CD1 /* AppDelegate.swift */; };
		D31428931F1C9D6000194CD1 /* mainViewController.swift in Sources */ = {isa = PBXBuildFile; fileRef = D31428921F1C9D6000194CD1 /* mainViewController.swift */; };
		D31428961F1C9D6000194CD1 /* Main.storyboard in Resources */ = {isa = PBXBuildFile; fileRef = D31428941F1C9D6000194CD1 /* Main.storyboard */; };
		D31428981F1C9D6000194CD1 /* Assets.xcassets in Resources */ = {isa = PBXBuildFile; fileRef = D31428971F1C9D6000194CD1 /* Assets.xcassets */; };
		D314289B1F1C9D6000194CD1 /* LaunchScreen.storyboard in Resources */ = {isa = PBXBuildFile; fileRef = D31428991F1C9D6000194CD1 /* LaunchScreen.storyboard */; };
		D397D00F1F3DC066001C5A0E /* mainMenuViewController.swift in Sources */ = {isa = PBXBuildFile; fileRef = D397D00E1F3DC066001C5A0E /* mainMenuViewController.swift */; };
		D397D0111F3DC07B001C5A0E /* optionsViewController.swift in Sources */ = {isa = PBXBuildFile; fileRef = D397D0101F3DC07B001C5A0E /* optionsViewController.swift */; };
/* End PBXBuildFile section */

/* Begin PBXFileReference section */
		D314288D1F1C9D6000194CD1 /* AmericanFootball.app */ = {isa = PBXFileReference; explicitFileType = wrapper.application; includeInIndex = 0; path = AmericanFootball.app; sourceTree = BUILT_PRODUCTS_DIR; };
		D31428901F1C9D6000194CD1 /* AppDelegate.swift */ = {isa = PBXFileReference; lastKnownFileType = sourcecode.swift; path = AppDelegate.swift; sourceTree = "<group>"; };
		D31428921F1C9D6000194CD1 /* mainViewController.swift */ = {isa = PBXFileReference; lastKnownFileType = sourcecode.swift; path = mainViewController.swift; sourceTree = "<group>"; };
		D31428951F1C9D6000194CD1 /* Base */ = {isa = PBXFileReference; lastKnownFileType = file.storyboard; name = Base; path = Base.lproj/Main.storyboard; sourceTree = "<group>"; };
		D31428971F1C9D6000194CD1 /* Assets.xcassets */ = {isa = PBXFileReference; lastKnownFileType = folder.assetcatalog; path = Assets.xcassets; sourceTree = "<group>"; };
		D314289A1F1C9D6000194CD1 /* Base */ = {isa = PBXFileReference; lastKnownFileType = file.storyboard; name = Base; path = Base.lproj/LaunchScreen.storyboard; sourceTree = "<group>"; };
		D314289C1F1C9D6000194CD1 /* Info.plist */ = {isa = PBXFileReference; lastKnownFileType = text.plist.xml; path = Info.plist; sourceTree = "<group>"; };
		D397D00E1F3DC066001C5A0E /* mainMenuViewController.swift */ = {isa = PBXFileReference; fileEncoding = 4; lastKnownFileType = sourcecode.swift; path = mainMenuViewController.swift; sourceTree = "<group>"; };
		D397D0101F3DC07B001C5A0E /* optionsViewController.swift */ = {isa = PBXFileReference; fileEncoding = 4; lastKnownFileType = sourcecode.swift; path = optionsViewController.swift; sourceTree = "<group>"; };
/* End PBXFileReference section */

/* Begin PBXFrameworksBuildPhase section */
		D314288A1F1C9D6000194CD1 /* Frameworks */ = {
			isa = PBXFrameworksBuildPhase;
			buildActionMask = 2147483647;
			files = (
			);
			runOnlyForDeploymentPostprocessing = 0;
		};
/* End PBXFrameworksBuildPhase section */

/* Begin PBXGroup section */
		D31428841F1C9D6000194CD1 = {
			isa = PBXGroup;
			children = (
				D314288F1F1C9D6000194CD1 /* AmericanFootball */,
				D314288E1F1C9D6000194CD1 /* Products */,
			);
			sourceTree = "<group>";
		};
		D314288E1F1C9D6000194CD1 /* Products */ = {
			isa = PBXGroup;
			children = (
				D314288D1F1C9D6000194CD1 /* AmericanFootball.app */,
			);
			name = Products;
			sourceTree = "<group>";
		};
		D314288F1F1C9D6000194CD1 /* AmericanFootball */ = {
			isa = PBXGroup;
			children = (
				D31428901F1C9D6000194CD1 /* AppDelegate.swift */,
				D31428921F1C9D6000194CD1 /* mainViewController.swift */,
				D31428941F1C9D6000194CD1 /* Main.storyboard */,
				D397D00E1F3DC066001C5A0E /* mainMenuViewController.swift */,
				D397D0101F3DC07B001C5A0E /* optionsViewController.swift */,
				D31428971F1C9D6000194CD1 /* Assets.xcassets */,
				D31428991F1C9D6000194CD1 /* LaunchScreen.storyboard */,
				D314289C1F1C9D6000194CD1 /* Info.plist */,
			);
			path = AmericanFootball;
			sourceTree = "<group>";
		};
/* End PBXGroup section */

/* Begin PBXNativeTarget section */
		D314288C1F1C9D6000194CD1 /* AmericanFootball */ = {
			isa = PBXNativeTarget;
			buildConfigurationList = D314289F1F1C9D6000194CD1 /* Build configuration list for PBXNativeTarget "AmericanFootball" */;
			buildPhases = (
				D31428891F1C9D6000194CD1 /* Sources */,
				D314288A1F1C9D6000194CD1 /* Frameworks */,
				D314288B1F1C9D6000194CD1 /* Resources */,
			);
			buildRules = (
			);
			dependencies = (
			);
			name = AmericanFootball;
			productName = AmericanFootball;
			productReference = D314288D1F1C9D6000194CD1 /* AmericanFootball.app */;
			productType = "com.apple.product-type.application";
		};
/* End PBXNativeTarget section */

/* Begin PBXProject section */
		D31428851F1C9D6000194CD1 /* Project object */ = {
			isa = PBXProject;
			attributes = {
				LastSwiftUpdateCheck = 0830;
				LastUpgradeCheck = 0830;
				ORGANIZATIONNAME = "Jonathan Gadsden";
				TargetAttributes = {
					D314288C1F1C9D6000194CD1 = {
						CreatedOnToolsVersion = 8.3.3;
						DevelopmentTeam = FGW3T2LVZ7;
						ProvisioningStyle = Automatic;
					};
				};
			};
			buildConfigurationList = D31428881F1C9D6000194CD1 /* Build configuration list for PBXProject "AmericanFootball" */;
			compatibilityVersion = "Xcode 3.2";
			developmentRegion = English;
			hasScannedForEncodings = 0;
			knownRegions = (
				en,
				Base,
			);
			mainGroup = D31428841F1C9D6000194CD1;
			productRefGroup = D314288E1F1C9D6000194CD1 /* Products */;
			projectDirPath = "";
			projectRoot = "";
			targets = (
				D314288C1F1C9D6000194CD1 /* AmericanFootball */,
			);
		};
/* End PBXProject section */

/* Begin PBXResourcesBuildPhase section */
		D314288B1F1C9D6000194CD1 /* Resources */ = {
			isa = PBXResourcesBuildPhase;
			buildActionMask = 2147483647;
			files = (
				D314289B1F1C9D6000194CD1 /* LaunchScreen.storyboard in Resources */,
				D31428981F1C9D6000194CD1 /* Assets.xcassets in Resources */,
				D31428961F1C9D6000194CD1 /* Main.storyboard in Resources */,
			);
			runOnlyForDeploymentPostprocessing = 0;
		};
/* End PBXResourcesBuildPhase section */

/* Begin PBXSourcesBuildPhase section */
		D31428891F1C9D6000194CD1 /* Sources */ = {
			isa = PBXSourcesBuildPhase;
			buildActionMask = 2147483647;
			files = (
				D31428931F1C9D6000194CD1 /* mainViewController.swift in Sources */,
				D397D0111F3DC07B001C5A0E /* optionsViewController.swift in Sources */,
				D397D00F1F3DC066001C5A0E /* mainMenuViewController.swift in Sources */,
				D31428911F1C9D6000194CD1 /* AppDelegate.swift in Sources */,
			);
			runOnlyForDeploymentPostprocessing = 0;
		};
/* End PBXSourcesBuildPhase section */

/* Begin PBXVariantGroup section */
		D31428941F1C9D6000194CD1 /* Main.storyboard */ = {
			isa = PBXVariantGroup;
			children = (
				D31428951F1C9D6000194CD1 /* Base */,
			);
			name = Main.storyboard;
			sourceTree = "<group>";
		};
		D31428991F1C9D6000194CD1 /* LaunchScreen.storyboard */ = {
			isa = PBXVariantGroup;
			children = (
				D314289A1F1C9D6000194CD1 /* Base */,
			);
			name = LaunchScreen.storyboard;
			sourceTree = "<group>";
		};
/* End PBXVariantGroup section */

/* Begin XCBuildConfiguration section */
		D314289D1F1C9D6000194CD1 /* Debug */ = {
			isa = XCBuildConfiguration;
			buildSettings = {
				ALWAYS_SEARCH_USER_PATHS = NO;
				CLANG_ANALYZER_NONNULL = YES;
				CLANG_ANALYZER_NUMBER_OBJECT_CONVERSION = YES_AGGRESSIVE;
				CLANG_CXX_LANGUAGE_STANDARD = "gnu++0x";
				CLANG_CXX_LIBRARY = "libc++";
				CLANG_ENABLE_MODULES = YES;
				CLANG_ENABLE_OBJC_ARC = YES;
				CLANG_WARN_BOOL_CONVERSION = YES;
				CLANG_WARN_CONSTANT_CONVERSION = YES;
				CLANG_WARN_DIRECT_OBJC_ISA_USAGE = YES_ERROR;
				CLANG_WARN_DOCUMENTATION_COMMENTS = YES;
				CLANG_WARN_EMPTY_BODY = YES;
				CLANG_WARN_ENUM_CONVERSION = YES;
				CLANG_WARN_INFINITE_RECURSION = YES;
				CLANG_WARN_INT_CONVERSION = YES;
				CLANG_WARN_OBJC_ROOT_CLASS = YES_ERROR;
				CLANG_WARN_SUSPICIOUS_MOVE = YES;
				CLANG_WARN_UNREACHABLE_CODE = YES;
				CLANG_WARN__DUPLICATE_METHOD_MATCH = YES;
				"CODE_SIGN_IDENTITY[sdk=iphoneos*]" = "iPhone Developer";
				COPY_PHASE_STRIP = NO;
				DEBUG_INFORMATION_FORMAT = dwarf;
				ENABLE_STRICT_OBJC_MSGSEND = YES;
				ENABLE_TESTABILITY = YES;
				GCC_C_LANGUAGE_STANDARD = gnu99;
				GCC_DYNAMIC_NO_PIC = NO;
				GCC_NO_COMMON_BLOCKS = YES;
				GCC_OPTIMIZATION_LEVEL = 0;
				GCC_PREPROCESSOR_DEFINITIONS = (
					"DEBUG=1",
					"$(inherited)",
				);
				GCC_WARN_64_TO_32_BIT_CONVERSION = YES;
				GCC_WARN_ABOUT_RETURN_TYPE = YES_ERROR;
				GCC_WARN_UNDECLARED_SELECTOR = YES;
				GCC_WARN_UNINITIALIZED_AUTOS = YES_AGGRESSIVE;
				GCC_WARN_UNUSED_FUNCTION = YES;
				GCC_WARN_UNUSED_VARIABLE = YES;
				IPHONEOS_DEPLOYMENT_TARGET = 10.3;
				MTL_ENABLE_DEBUG_INFO = YES;
				ONLY_ACTIVE_ARCH = YES;
				SDKROOT = iphoneos;
				SWIFT_ACTIVE_COMPILATION_CONDITIONS = DEBUG;
				SWIFT_OPTIMIZATION_LEVEL = "-Onone";
				TARGETED_DEVICE_FAMILY = "1,2";
			};
			name = Debug;
		};
		D314289E1F1C9D6000194CD1 /* Release */ = {
			isa = XCBuildConfiguration;
			buildSettings = {
				ALWAYS_SEARCH_USER_PATHS = NO;
				CLANG_ANALYZER_NONNULL = YES;
				CLANG_ANALYZER_NUMBER_OBJECT_CONVERSION = YES_AGGRESSIVE;
				CLANG_CXX_LANGUAGE_STANDARD = "gnu++0x";
				CLANG_CXX_LIBRARY = "libc++";
				CLANG_ENABLE_MODULES = YES;
				CLANG_ENABLE_OBJC_ARC = YES;
				CLANG_WARN_BOOL_CONVERSION = YES;
				CLANG_WARN_CONSTANT_CONVERSION = YES;
				CLANG_WARN_DIRECT_OBJC_ISA_USAGE = YES_ERROR;
				CLANG_WARN_DOCUMENTATION_COMMENTS = YES;
				CLANG_WARN_EMPTY_BODY = YES;
				CLANG_WARN_ENUM_CONVERSION = YES;
				CLANG_WARN_INFINITE_RECURSION = YES;
				CLANG_WARN_INT_CONVERSION = YES;
				CLANG_WARN_OBJC_ROOT_CLASS = YES_ERROR;
				CLANG_WARN_SUSPICIOUS_MOVE = YES;
				CLANG_WARN_UNREACHABLE_CODE = YES;
				CLANG_WARN__DUPLICATE_METHOD_MATCH = YES;
				"CODE_SIGN_IDENTITY[sdk=iphoneos*]" = "iPhone Developer";
				COPY_PHASE_STRIP = NO;
				DEBUG_INFORMATION_FORMAT = "dwarf-with-dsym";
				ENABLE_NS_ASSERTIONS = NO;
				ENABLE_STRICT_OBJC_MSGSEND = YES;
				GCC_C_LANGUAGE_STANDARD = gnu99;
				GCC_NO_COMMON_BLOCKS = YES;
				GCC_WARN_64_TO_32_BIT_CONVERSION = YES;
				GCC_WARN_ABOUT_RETURN_TYPE = YES_ERROR;
				GCC_WARN_UNDECLARED_SELECTOR = YES;
				GCC_WARN_UNINITIALIZED_AUTOS = YES_AGGRESSIVE;
				GCC_WARN_UNUSED_FUNCTION = YES;
				GCC_WARN_UNUSED_VARIABLE = YES;
				IPHONEOS_DEPLOYMENT_TARGET = 10.3;
				MTL_ENABLE_DEBUG_INFO = NO;
				SDKROOT = iphoneos;
				SWIFT_OPTIMIZATION_LEVEL = "-Owholemodule";
				TARGETED_DEVICE_FAMILY = "1,2";
				VALIDATE_PRODUCT = YES;
			};
			name = Release;
		};
		D31428A01F1C9D6000194CD1 /* Debug */ = {
			isa = XCBuildConfiguration;
			buildSettings = {
				ASSETCATALOG_COMPILER_APPICON_NAME = AppIcon;
				DEVELOPMENT_TEAM = FGW3T2LVZ7;
				INFOPLIST_FILE = AmericanFootball/Info.plist;
				LD_RUNPATH_SEARCH_PATHS = "$(inherited) @executable_path/Frameworks";
				PRODUCT_BUNDLE_IDENTIFIER = jg.AmericanFootball;
				PRODUCT_NAME = "$(TARGET_NAME)";
				SWIFT_VERSION = 3.0;
			};
			name = Debug;
		};
		D31428A11F1C9D6000194CD1 /* Release */ = {
			isa = XCBuildConfiguration;
			buildSettings = {
				ASSETCATALOG_COMPILER_APPICON_NAME = AppIcon;
				DEVELOPMENT_TEAM = FGW3T2LVZ7;
				INFOPLIST_FILE = AmericanFootball/Info.plist;
				LD_RUNPATH_SEARCH_PATHS = "$(inherited) @executable_path/Frameworks";
				PRODUCT_BUNDLE_IDENTIFIER = jg.AmericanFootball;
				PRODUCT_NAME = "$(TARGET_NAME)";
				SWIFT_VERSION = 3.0;
			};
			name = Release;
		};
/* End XCBuildConfiguration section */

/* Begin XCConfigurationList section */
		D31428881F1C9D6000194CD1 /* Build configuration list for PBXProject "AmericanFootball" */ = {
			isa = XCConfigurationList;
			buildConfigurations = (
				D314289D1F1C9D6000194CD1 /* Debug */,
				D314289E1F1C9D6000194CD1 /* Release */,
			);
			defaultConfigurationIsVisible = 0;
			defaultConfigurationName = Release;
		};
		D314289F1F1C9D6000194CD1 /* Build configuration list for PBXNativeTarget "AmericanFootball" */ = {
			isa = XCConfigurationList;
			buildConfigurations = (
				D31428A01F1C9D6000194CD1 /* Debug */,
				D31428A11F1C9D6000194CD1 /* Release */,
			);
			defaultConfigurationIsVisible = 0;
			defaultConfigurationName = Release;
		};
/* End XCConfigurationList section */
	};
	rootObject = D31428851F1C9D6000194CD1 /* Project object */;
}
